// !$*UTF8*$!
{
	archiveVersion = 1;
	classes = {
	};
	objectVersion = 50;
	objects = {

/* Begin PBXBuildFile section */
		A7CE5CFE2529D88E00141E71 /* HW1_drawApp.swift in Sources */ = {isa = PBXBuildFile; fileRef = A7CE5CFD2529D88E00141E71 /* HW1_drawApp.swift */; };
		A7CE5D002529D88E00141E71 /* ContentView.swift in Sources */ = {isa = PBXBuildFile; fileRef = A7CE5CFF2529D88E00141E71 /* ContentView.swift */; };
		A7CE5D022529D89100141E71 /* Assets.xcassets in Resources */ = {isa = PBXBuildFile; fileRef = A7CE5D012529D89100141E71 /* Assets.xcassets */; };
		A7CE5D052529D89100141E71 /* Preview Assets.xcassets in Resources */ = {isa = PBXBuildFile; fileRef = A7CE5D042529D89100141E71 /* Preview Assets.xcassets */; };
		A7CE5D102529D89100141E71 /* HW1_drawTests.swift in Sources */ = {isa = PBXBuildFile; fileRef = A7CE5D0F2529D89100141E71 /* HW1_drawTests.swift */; };
		A7CE5D1B2529D89100141E71 /* HW1_drawUITests.swift in Sources */ = {isa = PBXBuildFile; fileRef = A7CE5D1A2529D89100141E71 /* HW1_drawUITests.swift */; };
/* End PBXBuildFile section */

/* Begin PBXContainerItemProxy section */
		A7CE5D0C2529D89100141E71 /* PBXContainerItemProxy */ = {
			isa = PBXContainerItemProxy;
			containerPortal = A7CE5CF22529D88E00141E71 /* Project object */;
			proxyType = 1;
			remoteGlobalIDString = A7CE5CF92529D88E00141E71;
			remoteInfo = HW1_draw;
		};
		A7CE5D172529D89100141E71 /* PBXContainerItemProxy */ = {
			isa = PBXContainerItemProxy;
			containerPortal = A7CE5CF22529D88E00141E71 /* Project object */;
			proxyType = 1;
			remoteGlobalIDString = A7CE5CF92529D88E00141E71;
			remoteInfo = HW1_draw;
		};
/* End PBXContainerItemProxy section */

/* Begin PBXFileReference section */
		A7CE5CFA2529D88E00141E71 /* HW1_draw.app */ = {isa = PBXFileReference; explicitFileType = wrapper.application; includeInIndex = 0; path = HW1_draw.app; sourceTree = BUILT_PRODUCTS_DIR; };
		A7CE5CFD2529D88E00141E71 /* HW1_drawApp.swift */ = {isa = PBXFileReference; lastKnownFileType = sourcecode.swift; path = HW1_drawApp.swift; sourceTree = "<group>"; };
		A7CE5CFF2529D88E00141E71 /* ContentView.swift */ = {isa = PBXFileReference; lastKnownFileType = sourcecode.swift; path = ContentView.swift; sourceTree = "<group>"; };
		A7CE5D012529D89100141E71 /* Assets.xcassets */ = {isa = PBXFileReference; lastKnownFileType = folder.assetcatalog; path = Assets.xcassets; sourceTree = "<group>"; };
		A7CE5D042529D89100141E71 /* Preview Assets.xcassets */ = {isa = PBXFileReference; lastKnownFileType = folder.assetcatalog; path = "Preview Assets.xcassets"; sourceTree = "<group>"; };
		A7CE5D062529D89100141E71 /* Info.plist */ = {isa = PBXFileReference; lastKnownFileType = text.plist.xml; path = Info.plist; sourceTree = "<group>"; };
		A7CE5D0B2529D89100141E71 /* HW1_drawTests.xctest */ = {isa = PBXFileReference; explicitFileType = wrapper.cfbundle; includeInIndex = 0; path = HW1_drawTests.xctest; sourceTree = BUILT_PRODUCTS_DIR; };
		A7CE5D0F2529D89100141E71 /* HW1_drawTests.swift */ = {isa = PBXFileReference; lastKnownFileType = sourcecode.swift; path = HW1_drawTests.swift; sourceTree = "<group>"; };
		A7CE5D112529D89100141E71 /* Info.plist */ = {isa = PBXFileReference; lastKnownFileType = text.plist.xml; path = Info.plist; sourceTree = "<group>"; };
		A7CE5D162529D89100141E71 /* HW1_drawUITests.xctest */ = {isa = PBXFileReference; explicitFileType = wrapper.cfbundle; includeInIndex = 0; path = HW1_drawUITests.xctest; sourceTree = BUILT_PRODUCTS_DIR; };
		A7CE5D1A2529D89100141E71 /* HW1_drawUITests.swift */ = {isa = PBXFileReference; lastKnownFileType = sourcecode.swift; path = HW1_drawUITests.swift; sourceTree = "<group>"; };
		A7CE5D1C2529D89100141E71 /* Info.plist */ = {isa = PBXFileReference; lastKnownFileType = text.plist.xml; path = Info.plist; sourceTree = "<group>"; };
/* End PBXFileReference section */

/* Begin PBXFrameworksBuildPhase section */
		A7CE5CF72529D88E00141E71 /* Frameworks */ = {
			isa = PBXFrameworksBuildPhase;
			buildActionMask = 2147483647;
			files = (
			);
			runOnlyForDeploymentPostprocessing = 0;
		};
		A7CE5D082529D89100141E71 /* Frameworks */ = {
			isa = PBXFrameworksBuildPhase;
			buildActionMask = 2147483647;
			files = (
			);
			runOnlyForDeploymentPostprocessing = 0;
		};
		A7CE5D132529D89100141E71 /* Frameworks */ = {
			isa = PBXFrameworksBuildPhase;
			buildActionMask = 2147483647;
			files = (
			);
			runOnlyForDeploymentPostprocessing = 0;
		};
/* End PBXFrameworksBuildPhase section */

/* Begin PBXGroup section */
		A7CE5CF12529D88E00141E71 = {
			isa = PBXGroup;
			children = (
				A7CE5CFC2529D88E00141E71 /* HW1_draw */,
				A7CE5D0E2529D89100141E71 /* HW1_drawTests */,
				A7CE5D192529D89100141E71 /* HW1_drawUITests */,
				A7CE5CFB2529D88E00141E71 /* Products */,
			);
			sourceTree = "<group>";
		};
		A7CE5CFB2529D88E00141E71 /* Products */ = {
			isa = PBXGroup;
			children = (
				A7CE5CFA2529D88E00141E71 /* HW1_draw.app */,
				A7CE5D0B2529D89100141E71 /* HW1_drawTests.xctest */,
				A7CE5D162529D89100141E71 /* HW1_drawUITests.xctest */,
			);
			name = Products;
			sourceTree = "<group>";
		};
		A7CE5CFC2529D88E00141E71 /* HW1_draw */ = {
			isa = PBXGroup;
			children = (
				A7CE5CFD2529D88E00141E71 /* HW1_drawApp.swift */,
				A7CE5CFF2529D88E00141E71 /* ContentView.swift */,
				A7CE5D012529D89100141E71 /* Assets.xcassets */,
				A7CE5D062529D89100141E71 /* Info.plist */,
				A7CE5D032529D89100141E71 /* Preview Content */,
			);
			path = HW1_draw;
			sourceTree = "<group>";
		};
		A7CE5D032529D89100141E71 /* Preview Content */ = {
			isa = PBXGroup;
			children = (
				A7CE5D042529D89100141E71 /* Preview Assets.xcassets */,
			);
			path = "Preview Content";
			sourceTree = "<group>";
		};
		A7CE5D0E2529D89100141E71 /* HW1_drawTests */ = {
			isa = PBXGroup;
			children = (
				A7CE5D0F2529D89100141E71 /* HW1_drawTests.swift */,
				A7CE5D112529D89100141E71 /* Info.plist */,
			);
			path = HW1_drawTests;
			sourceTree = "<group>";
		};
		A7CE5D192529D89100141E71 /* HW1_drawUITests */ = {
			isa = PBXGroup;
			children = (
				A7CE5D1A2529D89100141E71 /* HW1_drawUITests.swift */,
				A7CE5D1C2529D89100141E71 /* Info.plist */,
			);
			path = HW1_drawUITests;
			sourceTree = "<group>";
		};
/* End PBXGroup section */

/* Begin PBXNativeTarget section */
		A7CE5CF92529D88E00141E71 /* HW1_draw */ = {
			isa = PBXNativeTarget;
			buildConfigurationList = A7CE5D1F2529D89100141E71 /* Build configuration list for PBXNativeTarget "HW1_draw" */;
			buildPhases = (
				A7CE5CF62529D88E00141E71 /* Sources */,
				A7CE5CF72529D88E00141E71 /* Frameworks */,
				A7CE5CF82529D88E00141E71 /* Resources */,
			);
			buildRules = (
			);
			dependencies = (
			);
			name = HW1_draw;
			productName = HW1_draw;
			productReference = A7CE5CFA2529D88E00141E71 /* HW1_draw.app */;
			productType = "com.apple.product-type.application";
		};
		A7CE5D0A2529D89100141E71 /* HW1_drawTests */ = {
			isa = PBXNativeTarget;
			buildConfigurationList = A7CE5D222529D89100141E71 /* Build configuration list for PBXNativeTarget "HW1_drawTests" */;
			buildPhases = (
				A7CE5D072529D89100141E71 /* Sources */,
				A7CE5D082529D89100141E71 /* Frameworks */,
				A7CE5D092529D89100141E71 /* Resources */,
			);
			buildRules = (
			);
			dependencies = (
				A7CE5D0D2529D89100141E71 /* PBXTargetDependency */,
			);
			name = HW1_drawTests;
			productName = HW1_drawTests;
			productReference = A7CE5D0B2529D89100141E71 /* HW1_drawTests.xctest */;
			productType = "com.apple.product-type.bundle.unit-test";
		};
		A7CE5D152529D89100141E71 /* HW1_drawUITests */ = {
			isa = PBXNativeTarget;
			buildConfigurationList = A7CE5D252529D89100141E71 /* Build configuration list for PBXNativeTarget "HW1_drawUITests" */;
			buildPhases = (
				A7CE5D122529D89100141E71 /* Sources */,
				A7CE5D132529D89100141E71 /* Frameworks */,
				A7CE5D142529D89100141E71 /* Resources */,
			);
			buildRules = (
			);
			dependencies = (
				A7CE5D182529D89100141E71 /* PBXTargetDependency */,
			);
			name = HW1_drawUITests;
			productName = HW1_drawUITests;
			productReference = A7CE5D162529D89100141E71 /* HW1_drawUITests.xctest */;
			productType = "com.apple.product-type.bundle.ui-testing";
		};
/* End PBXNativeTarget section */

/* Begin PBXProject section */
		A7CE5CF22529D88E00141E71 /* Project object */ = {
			isa = PBXProject;
			attributes = {
				LastSwiftUpdateCheck = 1200;
				LastUpgradeCheck = 1200;
				TargetAttributes = {
					A7CE5CF92529D88E00141E71 = {
						CreatedOnToolsVersion = 12.0.1;
					};
					A7CE5D0A2529D89100141E71 = {
						CreatedOnToolsVersion = 12.0.1;
						TestTargetID = A7CE5CF92529D88E00141E71;
					};
					A7CE5D152529D89100141E71 = {
						CreatedOnToolsVersion = 12.0.1;
						TestTargetID = A7CE5CF92529D88E00141E71;
					};
				};
			};
			buildConfigurationList = A7CE5CF52529D88E00141E71 /* Build configuration list for PBXProject "HW1_draw" */;
			compatibilityVersion = "Xcode 9.3";
			developmentRegion = en;
			hasScannedForEncodings = 0;
			knownRegions = (
				en,
				Base,
			);
			mainGroup = A7CE5CF12529D88E00141E71;
			productRefGroup = A7CE5CFB2529D88E00141E71 /* Products */;
			projectDirPath = "";
			projectRoot = "";
			targets = (
				A7CE5CF92529D88E00141E71 /* HW1_draw */,
				A7CE5D0A2529D89100141E71 /* HW1_drawTests */,
				A7CE5D152529D89100141E71 /* HW1_drawUITests */,
			);
		};
/* End PBXProject section */

/* Begin PBXResourcesBuildPhase section */
		A7CE5CF82529D88E00141E71 /* Resources */ = {
			isa = PBXResourcesBuildPhase;
			buildActionMask = 2147483647;
			files = (
				A7CE5D052529D89100141E71 /* Preview Assets.xcassets in Resources */,
				A7CE5D022529D89100141E71 /* Assets.xcassets in Resources */,
			);
			runOnlyForDeploymentPostprocessing = 0;
		};
		A7CE5D092529D89100141E71 /* Resources */ = {
			isa = PBXResourcesBuildPhase;
			buildActionMask = 2147483647;
			files = (
			);
			runOnlyForDeploymentPostprocessing = 0;
		};
		A7CE5D142529D89100141E71 /* Resources */ = {
			isa = PBXResourcesBuildPhase;
			buildActionMask = 2147483647;
			files = (
			);
			runOnlyForDeploymentPostprocessing = 0;
		};
/* End PBXResourcesBuildPhase section */

/* Begin PBXSourcesBuildPhase section */
		A7CE5CF62529D88E00141E71 /* Sources */ = {
			isa = PBXSourcesBuildPhase;
			buildActionMask = 2147483647;
			files = (
				A7CE5D002529D88E00141E71 /* ContentView.swift in Sources */,
				A7CE5CFE2529D88E00141E71 /* HW1_drawApp.swift in Sources */,
			);
			runOnlyForDeploymentPostprocessing = 0;
		};
		A7CE5D072529D89100141E71 /* Sources */ = {
			isa = PBXSourcesBuildPhase;
			buildActionMask = 2147483647;
			files = (
				A7CE5D102529D89100141E71 /* HW1_drawTests.swift in Sources */,
			);
			runOnlyForDeploymentPostprocessing = 0;
		};
		A7CE5D122529D89100141E71 /* Sources */ = {
			isa = PBXSourcesBuildPhase;
			buildActionMask = 2147483647;
			files = (
				A7CE5D1B2529D89100141E71 /* HW1_drawUITests.swift in Sources */,
			);
			runOnlyForDeploymentPostprocessing = 0;
		};
/* End PBXSourcesBuildPhase section */

/* Begin PBXTargetDependency section */
		A7CE5D0D2529D89100141E71 /* PBXTargetDependency */ = {
			isa = PBXTargetDependency;
			target = A7CE5CF92529D88E00141E71 /* HW1_draw */;
			targetProxy = A7CE5D0C2529D89100141E71 /* PBXContainerItemProxy */;
		};
		A7CE5D182529D89100141E71 /* PBXTargetDependency */ = {
			isa = PBXTargetDependency;
			target = A7CE5CF92529D88E00141E71 /* HW1_draw */;
			targetProxy = A7CE5D172529D89100141E71 /* PBXContainerItemProxy */;
		};
/* End PBXTargetDependency section */

/* Begin XCBuildConfiguration section */
		A7CE5D1D2529D89100141E71 /* Debug */ = {
			isa = XCBuildConfiguration;
			buildSettings = {
				ALWAYS_SEARCH_USER_PATHS = NO;
				CLANG_ANALYZER_NONNULL = YES;
				CLANG_ANALYZER_NUMBER_OBJECT_CONVERSION = YES_AGGRESSIVE;
				CLANG_CXX_LANGUAGE_STANDARD = "gnu++14";
				CLANG_CXX_LIBRARY = "libc++";
				CLANG_ENABLE_MODULES = YES;
				CLANG_ENABLE_OBJC_ARC = YES;
				CLANG_ENABLE_OBJC_WEAK = YES;
				CLANG_WARN_BLOCK_CAPTURE_AUTORELEASING = YES;
				CLANG_WARN_BOOL_CONVERSION = YES;
				CLANG_WARN_COMMA = YES;
				CLANG_WARN_CONSTANT_CONVERSION = YES;
				CLANG_WARN_DEPRECATED_OBJC_IMPLEMENTATIONS = YES;
				CLANG_WARN_DIRECT_OBJC_ISA_USAGE = YES_ERROR;
				CLANG_WARN_DOCUMENTATION_COMMENTS = YES;
				CLANG_WARN_EMPTY_BODY = YES;
				CLANG_WARN_ENUM_CONVERSION = YES;
				CLANG_WARN_INFINITE_RECURSION = YES;
				CLANG_WARN_INT_CONVERSION = YES;
				CLANG_WARN_NON_LITERAL_NULL_CONVERSION = YES;
				CLANG_WARN_OBJC_IMPLICIT_RETAIN_SELF = YES;
				CLANG_WARN_OBJC_LITERAL_CONVERSION = YES;
				CLANG_WARN_OBJC_ROOT_CLASS = YES_ERROR;
				CLANG_WARN_QUOTED_INCLUDE_IN_FRAMEWORK_HEADER = YES;
				CLANG_WARN_RANGE_LOOP_ANALYSIS = YES;
				CLANG_WARN_STRICT_PROTOTYPES = YES;
				CLANG_WARN_SUSPICIOUS_MOVE = YES;
				CLANG_WARN_UNGUARDED_AVAILABILITY = YES_AGGRESSIVE;
				CLANG_WARN_UNREACHABLE_CODE = YES;
				CLANG_WARN__DUPLICATE_METHOD_MATCH = YES;
				COPY_PHASE_STRIP = NO;
				DEBUG_INFORMATION_FORMAT = dwarf;
				ENABLE_STRICT_OBJC_MSGSEND = YES;
				ENABLE_TESTABILITY = YES;
				GCC_C_LANGUAGE_STANDARD = gnu11;
				GCC_DYNAMIC_NO_PIC = NO;
				GCC_NO_COMMON_BLOCKS = YES;
				GCC_OPTIMIZATION_LEVEL = 0;
				GCC_PREPROCESSOR_DEFINITIONS = (
					"DEBUG=1",
					"$(inherited)",
				);
				GCC_WARN_64_TO_32_BIT_CONVERSION = YES;
				GCC_WARN_ABOUT_RETURN_TYPE = YES_ERROR;
				GCC_WARN_UNDECLARED_SELECTOR = YES;
				GCC_WARN_UNINITIALIZED_AUTOS = YES_AGGRESSIVE;
				GCC_WARN_UNUSED_FUNCTION = YES;
				GCC_WARN_UNUSED_VARIABLE = YES;
				IPHONEOS_DEPLOYMENT_TARGET = 14.0;
				MTL_ENABLE_DEBUG_INFO = INCLUDE_SOURCE;
				MTL_FAST_MATH = YES;
				ONLY_ACTIVE_ARCH = YES;
				SDKROOT = iphoneos;
				SWIFT_ACTIVE_COMPILATION_CONDITIONS = DEBUG;
				SWIFT_OPTIMIZATION_LEVEL = "-Onone";
			};
			name = Debug;
		};
		A7CE5D1E2529D89100141E71 /* Release */ = {
			isa = XCBuildConfiguration;
			buildSettings = {
				ALWAYS_SEARCH_USER_PATHS = NO;
				CLANG_ANALYZER_NONNULL = YES;
				CLANG_ANALYZER_NUMBER_OBJECT_CONVERSION = YES_AGGRESSIVE;
				CLANG_CXX_LANGUAGE_STANDARD = "gnu++14";
				CLANG_CXX_LIBRARY = "libc++";
				CLANG_ENABLE_MODULES = YES;
				CLANG_ENABLE_OBJC_ARC = YES;
				CLANG_ENABLE_OBJC_WEAK = YES;
				CLANG_WARN_BLOCK_CAPTURE_AUTORELEASING = YES;
				CLANG_WARN_BOOL_CONVERSION = YES;
				CLANG_WARN_COMMA = YES;
				CLANG_WARN_CONSTANT_CONVERSION = YES;
				CLANG_WARN_DEPRECATED_OBJC_IMPLEMENTATIONS = YES;
				CLANG_WARN_DIRECT_OBJC_ISA_USAGE = YES_ERROR;
				CLANG_WARN_DOCUMENTATION_COMMENTS = YES;
				CLANG_WARN_EMPTY_BODY = YES;
				CLANG_WARN_ENUM_CONVERSION = YES;
				CLANG_WARN_INFINITE_RECURSION = YES;
				CLANG_WARN_INT_CONVERSION = YES;
				CLANG_WARN_NON_LITERAL_NULL_CONVERSION = YES;
				CLANG_WARN_OBJC_IMPLICIT_RETAIN_SELF = YES;
				CLANG_WARN_OBJC_LITERAL_CONVERSION = YES;
				CLANG_WARN_OBJC_ROOT_CLASS = YES_ERROR;
				CLANG_WARN_QUOTED_INCLUDE_IN_FRAMEWORK_HEADER = YES;
				CLANG_WARN_RANGE_LOOP_ANALYSIS = YES;
				CLANG_WARN_STRICT_PROTOTYPES = YES;
				CLANG_WARN_SUSPICIOUS_MOVE = YES;
				CLANG_WARN_UNGUARDED_AVAILABILITY = YES_AGGRESSIVE;
				CLANG_WARN_UNREACHABLE_CODE = YES;
				CLANG_WARN__DUPLICATE_METHOD_MATCH = YES;
				COPY_PHASE_STRIP = NO;
				DEBUG_INFORMATION_FORMAT = "dwarf-with-dsym";
				ENABLE_NS_ASSERTIONS = NO;
				ENABLE_STRICT_OBJC_MSGSEND = YES;
				GCC_C_LANGUAGE_STANDARD = gnu11;
				GCC_NO_COMMON_BLOCKS = YES;
				GCC_WARN_64_TO_32_BIT_CONVERSION = YES;
				GCC_WARN_ABOUT_RETURN_TYPE = YES_ERROR;
				GCC_WARN_UNDECLARED_SELECTOR = YES;
				GCC_WARN_UNINITIALIZED_AUTOS = YES_AGGRESSIVE;
				GCC_WARN_UNUSED_FUNCTION = YES;
				GCC_WARN_UNUSED_VARIABLE = YES;
				IPHONEOS_DEPLOYMENT_TARGET = 14.0;
				MTL_ENABLE_DEBUG_INFO = NO;
				MTL_FAST_MATH = YES;
				SDKROOT = iphoneos;
				SWIFT_COMPILATION_MODE = wholemodule;
				SWIFT_OPTIMIZATION_LEVEL = "-O";
				VALIDATE_PRODUCT = YES;
			};
			name = Release;
		};
		A7CE5D202529D89100141E71 /* Debug */ = {
			isa = XCBuildConfiguration;
			buildSettings = {
				ASSETCATALOG_COMPILER_APPICON_NAME = AppIcon;
				ASSETCATALOG_COMPILER_GLOBAL_ACCENT_COLOR_NAME = AccentColor;
				CODE_SIGN_STYLE = Automatic;
				DEVELOPMENT_ASSET_PATHS = "\"HW1_draw/Preview Content\"";
				ENABLE_PREVIEWS = YES;
				INFOPLIST_FILE = HW1_draw/Info.plist;
				IPHONEOS_DEPLOYMENT_TARGET = 14.0;
				LD_RUNPATH_SEARCH_PATHS = (
					"$(inherited)",
					"@executable_path/Frameworks",
				);
				PRODUCT_BUNDLE_IDENTIFIER = "com.yi.HW1-draw";
				PRODUCT_NAME = "$(TARGET_NAME)";
				SWIFT_VERSION = 5.0;
				TARGETED_DEVICE_FAMILY = "1,2";
			};
			name = Debug;
		};
		A7CE5D212529D89100141E71 /* Release */ = {
			isa = XCBuildConfiguration;
			buildSettings = {
				ASSETCATALOG_COMPILER_APPICON_NAME = AppIcon;
				ASSETCATALOG_COMPILER_GLOBAL_ACCENT_COLOR_NAME = AccentColor;
				CODE_SIGN_STYLE = Automatic;
				DEVELOPMENT_ASSET_PATHS = "\"HW1_draw/Preview Content\"";
				ENABLE_PREVIEWS = YES;
				INFOPLIST_FILE = HW1_draw/Info.plist;
				IPHONEOS_DEPLOYMENT_TARGET = 14.0;
				LD_RUNPATH_SEARCH_PATHS = (
					"$(inherited)",
					"@executable_path/Frameworks",
				);
				PRODUCT_BUNDLE_IDENTIFIER = "com.yi.HW1-draw";
				PRODUCT_NAME = "$(TARGET_NAME)";
				SWIFT_VERSION = 5.0;
				TARGETED_DEVICE_FAMILY = "1,2";
			};
			name = Release;
		};
		A7CE5D232529D89100141E71 /* Debug */ = {
			isa = XCBuildConfiguration;
			buildSettings = {
				ALWAYS_EMBED_SWIFT_STANDARD_LIBRARIES = YES;
				BUNDLE_LOADER = "$(TEST_HOST)";
				CODE_SIGN_STYLE = Automatic;
				INFOPLIST_FILE = HW1_drawTests/Info.plist;
				IPHONEOS_DEPLOYMENT_TARGET = 14.0;
				LD_RUNPATH_SEARCH_PATHS = (
					"$(inherited)",
					"@executable_path/Frameworks",
					"@loader_path/Frameworks",
				);
				PRODUCT_BUNDLE_IDENTIFIER = "com.yi.HW1-drawTests";
				PRODUCT_NAME = "$(TARGET_NAME)";
				SWIFT_VERSION = 5.0;
				TARGETED_DEVICE_FAMILY = "1,2";
				TEST_HOST = "$(BUILT_PRODUCTS_DIR)/HW1_draw.app/HW1_draw";
			};
			name = Debug;
		};
		A7CE5D242529D89100141E71 /* Release */ = {
			isa = XCBuildConfiguration;
			buildSettings = {
				ALWAYS_EMBED_SWIFT_STANDARD_LIBRARIES = YES;
				BUNDLE_LOADER = "$(TEST_HOST)";
				CODE_SIGN_STYLE = Automatic;
				INFOPLIST_FILE = HW1_drawTests/Info.plist;
				IPHONEOS_DEPLOYMENT_TARGET = 14.0;
				LD_RUNPATH_SEARCH_PATHS = (
					"$(inherited)",
					"@executable_path/Frameworks",
					"@loader_path/Frameworks",
				);
				PRODUCT_BUNDLE_IDENTIFIER = "com.yi.HW1-drawTests";
				PRODUCT_NAME = "$(TARGET_NAME)";
				SWIFT_VERSION = 5.0;
				TARGETED_DEVICE_FAMILY = "1,2";
				TEST_HOST = "$(BUILT_PRODUCTS_DIR)/HW1_draw.app/HW1_draw";
			};
			name = Release;
		};
		A7CE5D262529D89100141E71 /* Debug */ = {
			isa = XCBuildConfiguration;
			buildSettings = {
				ALWAYS_EMBED_SWIFT_STANDARD_LIBRARIES = YES;
				CODE_SIGN_STYLE = Automatic;
				INFOPLIST_FILE = HW1_drawUITests/Info.plist;
				LD_RUNPATH_SEARCH_PATHS = (
					"$(inherited)",
					"@executable_path/Frameworks",
					"@loader_path/Frameworks",
				);
				PRODUCT_BUNDLE_IDENTIFIER = "com.yi.HW1-drawUITests";
				PRODUCT_NAME = "$(TARGET_NAME)";
				SWIFT_VERSION = 5.0;
				TARGETED_DEVICE_FAMILY = "1,2";
				TEST_TARGET_NAME = HW1_draw;
			};
			name = Debug;
		};
		A7CE5D272529D89100141E71 /* Release */ = {
			isa = XCBuildConfiguration;
			buildSettings = {
				ALWAYS_EMBED_SWIFT_STANDARD_LIBRARIES = YES;
				CODE_SIGN_STYLE = Automatic;
				INFOPLIST_FILE = HW1_drawUITests/Info.plist;
				LD_RUNPATH_SEARCH_PATHS = (
					"$(inherited)",
					"@executable_path/Frameworks",
					"@loader_path/Frameworks",
				);
				PRODUCT_BUNDLE_IDENTIFIER = "com.yi.HW1-drawUITests";
				PRODUCT_NAME = "$(TARGET_NAME)";
				SWIFT_VERSION = 5.0;
				TARGETED_DEVICE_FAMILY = "1,2";
				TEST_TARGET_NAME = HW1_draw;
			};
			name = Release;
		};
/* End XCBuildConfiguration section */

/* Begin XCConfigurationList section */
		A7CE5CF52529D88E00141E71 /* Build configuration list for PBXProject "HW1_draw" */ = {
			isa = XCConfigurationList;
			buildConfigurations = (
				A7CE5D1D2529D89100141E71 /* Debug */,
				A7CE5D1E2529D89100141E71 /* Release */,
			);
			defaultConfigurationIsVisible = 0;
			defaultConfigurationName = Release;
		};
		A7CE5D1F2529D89100141E71 /* Build configuration list for PBXNativeTarget "HW1_draw" */ = {
			isa = XCConfigurationList;
			buildConfigurations = (
				A7CE5D202529D89100141E71 /* Debug */,
				A7CE5D212529D89100141E71 /* Release */,
			);
			defaultConfigurationIsVisible = 0;
			defaultConfigurationName = Release;
		};
		A7CE5D222529D89100141E71 /* Build configuration list for PBXNativeTarget "HW1_drawTests" */ = {
			isa = XCConfigurationList;
			buildConfigurations = (
				A7CE5D232529D89100141E71 /* Debug */,
				A7CE5D242529D89100141E71 /* Release */,
			);
			defaultConfigurationIsVisible = 0;
			defaultConfigurationName = Release;
		};
		A7CE5D252529D89100141E71 /* Build configuration list for PBXNativeTarget "HW1_drawUITests" */ = {
			isa = XCConfigurationList;
			buildConfigurations = (
				A7CE5D262529D89100141E71 /* Debug */,
				A7CE5D272529D89100141E71 /* Release */,
			);
			defaultConfigurationIsVisible = 0;
			defaultConfigurationName = Release;
		};
/* End XCConfigurationList section */
	};
	rootObject = A7CE5CF22529D88E00141E71 /* Project object */;
}
